// !$*UTF8*$!
{
	archiveVersion = 1;
	classes = {
	};
	objectVersion = 46;
	objects = {

/* Begin PBXBuildFile section */
		F5626B201E37960D00355AED /* Pokemon.swift in Sources */ = {isa = PBXBuildFile; fileRef = F5626B1F1E37960D00355AED /* Pokemon.swift */; };
		F57AA8C71E376F8500518603 /* pokemon.csv in Resources */ = {isa = PBXBuildFile; fileRef = F57AA8C61E376F8500518603 /* pokemon.csv */; };
		F5C483D61E376A17009F8BC2 /* AppDelegate.swift in Sources */ = {isa = PBXBuildFile; fileRef = F5C483D51E376A17009F8BC2 /* AppDelegate.swift */; };
		F5C483D81E376A17009F8BC2 /* ViewController.swift in Sources */ = {isa = PBXBuildFile; fileRef = F5C483D71E376A17009F8BC2 /* ViewController.swift */; };
		F5C483DB1E376A17009F8BC2 /* Main.storyboard in Resources */ = {isa = PBXBuildFile; fileRef = F5C483D91E376A17009F8BC2 /* Main.storyboard */; };
		F5C483DD1E376A17009F8BC2 /* Assets.xcassets in Resources */ = {isa = PBXBuildFile; fileRef = F5C483DC1E376A17009F8BC2 /* Assets.xcassets */; };
		F5C483E01E376A17009F8BC2 /* LaunchScreen.storyboard in Resources */ = {isa = PBXBuildFile; fileRef = F5C483DE1E376A17009F8BC2 /* LaunchScreen.storyboard */; };
/* End PBXBuildFile section */

/* Begin PBXFileReference section */
		F5626B1F1E37960D00355AED /* Pokemon.swift */ = {isa = PBXFileReference; fileEncoding = 4; lastKnownFileType = sourcecode.swift; path = Pokemon.swift; sourceTree = "<group>"; };
		F57AA8C61E376F8500518603 /* pokemon.csv */ = {isa = PBXFileReference; fileEncoding = 4; lastKnownFileType = text; path = pokemon.csv; sourceTree = "<group>"; };
		F5C483D21E376A17009F8BC2 /* Pokedex.app */ = {isa = PBXFileReference; explicitFileType = wrapper.application; includeInIndex = 0; path = Pokedex.app; sourceTree = BUILT_PRODUCTS_DIR; };
		F5C483D51E376A17009F8BC2 /* AppDelegate.swift */ = {isa = PBXFileReference; lastKnownFileType = sourcecode.swift; path = AppDelegate.swift; sourceTree = "<group>"; };
		F5C483D71E376A17009F8BC2 /* ViewController.swift */ = {isa = PBXFileReference; lastKnownFileType = sourcecode.swift; path = ViewController.swift; sourceTree = "<group>"; };
		F5C483DA1E376A17009F8BC2 /* Base */ = {isa = PBXFileReference; lastKnownFileType = file.storyboard; name = Base; path = Base.lproj/Main.storyboard; sourceTree = "<group>"; };
		F5C483DC1E376A17009F8BC2 /* Assets.xcassets */ = {isa = PBXFileReference; lastKnownFileType = folder.assetcatalog; path = Assets.xcassets; sourceTree = "<group>"; };
		F5C483DF1E376A17009F8BC2 /* Base */ = {isa = PBXFileReference; lastKnownFileType = file.storyboard; name = Base; path = Base.lproj/LaunchScreen.storyboard; sourceTree = "<group>"; };
		F5C483E11E376A17009F8BC2 /* Info.plist */ = {isa = PBXFileReference; lastKnownFileType = text.plist.xml; path = Info.plist; sourceTree = "<group>"; };
/* End PBXFileReference section */

/* Begin PBXFrameworksBuildPhase section */
		F5C483CF1E376A14009F8BC2 /* Frameworks */ = {
			isa = PBXFrameworksBuildPhase;
			buildActionMask = 2147483647;
			files = (
			);
			runOnlyForDeploymentPostprocessing = 0;
		};
/* End PBXFrameworksBuildPhase section */

/* Begin PBXGroup section */
		F5626B1C1E3795ED00355AED /* Model */ = {
			isa = PBXGroup;
			children = (
				F5626B1F1E37960D00355AED /* Pokemon.swift */,
			);
			name = Model;
			sourceTree = "<group>";
		};
		F5626B1D1E3795F400355AED /* Controller */ = {
			isa = PBXGroup;
			children = (
				F5C483D71E376A17009F8BC2 /* ViewController.swift */,
			);
			name = Controller;
			sourceTree = "<group>";
		};
		F5626B1E1E3795FF00355AED /* View */ = {
			isa = PBXGroup;
			children = (
			);
			name = View;
			sourceTree = "<group>";
		};
		F5C483C91E376A14009F8BC2 = {
			isa = PBXGroup;
			children = (
				F5C483D41E376A17009F8BC2 /* Pokedex */,
				F5C483D31E376A17009F8BC2 /* Products */,
			);
			sourceTree = "<group>";
		};
		F5C483D31E376A17009F8BC2 /* Products */ = {
			isa = PBXGroup;
			children = (
				F5C483D21E376A17009F8BC2 /* Pokedex.app */,
			);
			name = Products;
			sourceTree = "<group>";
		};
		F5C483D41E376A17009F8BC2 /* Pokedex */ = {
			isa = PBXGroup;
			children = (
				F5626B1E1E3795FF00355AED /* View */,
				F5626B1D1E3795F400355AED /* Controller */,
				F5626B1C1E3795ED00355AED /* Model */,
				F5C483D51E376A17009F8BC2 /* AppDelegate.swift */,
				F5C483D91E376A17009F8BC2 /* Main.storyboard */,
				F5C483DC1E376A17009F8BC2 /* Assets.xcassets */,
				F57AA8C61E376F8500518603 /* pokemon.csv */,
				F5C483DE1E376A17009F8BC2 /* LaunchScreen.storyboard */,
				F5C483E11E376A17009F8BC2 /* Info.plist */,
			);
			path = Pokedex;
			sourceTree = "<group>";
		};
/* End PBXGroup section */

/* Begin PBXNativeTarget section */
		F5C483D11E376A14009F8BC2 /* Pokedex */ = {
			isa = PBXNativeTarget;
			buildConfigurationList = F5C483E41E376A17009F8BC2 /* Build configuration list for PBXNativeTarget "Pokedex" */;
			buildPhases = (
				F5C483CE1E376A14009F8BC2 /* Sources */,
				F5C483CF1E376A14009F8BC2 /* Frameworks */,
				F5C483D01E376A14009F8BC2 /* Resources */,
			);
			buildRules = (
			);
			dependencies = (
			);
			name = Pokedex;
			productName = Pokedex;
			productReference = F5C483D21E376A17009F8BC2 /* Pokedex.app */;
			productType = "com.apple.product-type.application";
		};
/* End PBXNativeTarget section */

/* Begin PBXProject section */
		F5C483CA1E376A14009F8BC2 /* Project object */ = {
			isa = PBXProject;
			attributes = {
				LastSwiftUpdateCheck = 0820;
				LastUpgradeCheck = 0820;
				ORGANIZATIONNAME = "Pieter Velghe";
				TargetAttributes = {
					F5C483D11E376A14009F8BC2 = {
						CreatedOnToolsVersion = 8.2.1;
						DevelopmentTeam = P83DAHSG4B;
						ProvisioningStyle = Automatic;
					};
				};
			};
			buildConfigurationList = F5C483CD1E376A14009F8BC2 /* Build configuration list for PBXProject "Pokedex" */;
			compatibilityVersion = "Xcode 3.2";
			developmentRegion = English;
			hasScannedForEncodings = 0;
			knownRegions = (
				en,
				Base,
			);
			mainGroup = F5C483C91E376A14009F8BC2;
			productRefGroup = F5C483D31E376A17009F8BC2 /* Products */;
			projectDirPath = "";
			projectRoot = "";
			targets = (
				F5C483D11E376A14009F8BC2 /* Pokedex */,
			);
		};
/* End PBXProject section */

/* Begin PBXResourcesBuildPhase section */
		F5C483D01E376A14009F8BC2 /* Resources */ = {
			isa = PBXResourcesBuildPhase;
			buildActionMask = 2147483647;
			files = (
				F5C483E01E376A17009F8BC2 /* LaunchScreen.storyboard in Resources */,
				F5C483DD1E376A17009F8BC2 /* Assets.xcassets in Resources */,
				F57AA8C71E376F8500518603 /* pokemon.csv in Resources */,
				F5C483DB1E376A17009F8BC2 /* Main.storyboard in Resources */,
			);
			runOnlyForDeploymentPostprocessing = 0;
		};
/* End PBXResourcesBuildPhase section */

/* Begin PBXSourcesBuildPhase section */
		F5C483CE1E376A14009F8BC2 /* Sources */ = {
			isa = PBXSourcesBuildPhase;
			buildActionMask = 2147483647;
			files = (
				F5C483D81E376A17009F8BC2 /* ViewController.swift in Sources */,
				F5C483D61E376A17009F8BC2 /* AppDelegate.swift in Sources */,
				F5626B201E37960D00355AED /* Pokemon.swift in Sources */,
			);
			runOnlyForDeploymentPostprocessing = 0;
		};
/* End PBXSourcesBuildPhase section */

/* Begin PBXVariantGroup section */
		F5C483D91E376A17009F8BC2 /* Main.storyboard */ = {
			isa = PBXVariantGroup;
			children = (
				F5C483DA1E376A17009F8BC2 /* Base */,
			);
			name = Main.storyboard;
			sourceTree = "<group>";
		};
		F5C483DE1E376A17009F8BC2 /* LaunchScreen.storyboard */ = {
			isa = PBXVariantGroup;
			children = (
				F5C483DF1E376A17009F8BC2 /* Base */,
			);
			name = LaunchScreen.storyboard;
			sourceTree = "<group>";
		};
/* End PBXVariantGroup section */

/* Begin XCBuildConfiguration section */
		F5C483E21E376A17009F8BC2 /* Debug */ = {
			isa = XCBuildConfiguration;
			buildSettings = {
				ALWAYS_SEARCH_USER_PATHS = NO;
				CLANG_ANALYZER_NONNULL = YES;
				CLANG_CXX_LANGUAGE_STANDARD = "gnu++0x";
				CLANG_CXX_LIBRARY = "libc++";
				CLANG_ENABLE_MODULES = YES;
				CLANG_ENABLE_OBJC_ARC = YES;
				CLANG_WARN_BOOL_CONVERSION = YES;
				CLANG_WARN_CONSTANT_CONVERSION = YES;
				CLANG_WARN_DIRECT_OBJC_ISA_USAGE = YES_ERROR;
				CLANG_WARN_DOCUMENTATION_COMMENTS = YES;
				CLANG_WARN_EMPTY_BODY = YES;
				CLANG_WARN_ENUM_CONVERSION = YES;
				CLANG_WARN_INFINITE_RECURSION = YES;
				CLANG_WARN_INT_CONVERSION = YES;
				CLANG_WARN_OBJC_ROOT_CLASS = YES_ERROR;
				CLANG_WARN_SUSPICIOUS_MOVE = YES;
				CLANG_WARN_UNREACHABLE_CODE = YES;
				CLANG_WARN__DUPLICATE_METHOD_MATCH = YES;
				"CODE_SIGN_IDENTITY[sdk=iphoneos*]" = "iPhone Developer";
				COPY_PHASE_STRIP = NO;
				DEBUG_INFORMATION_FORMAT = dwarf;
				ENABLE_STRICT_OBJC_MSGSEND = YES;
				ENABLE_TESTABILITY = YES;
				GCC_C_LANGUAGE_STANDARD = gnu99;
				GCC_DYNAMIC_NO_PIC = NO;
				GCC_NO_COMMON_BLOCKS = YES;
				GCC_OPTIMIZATION_LEVEL = 0;
				GCC_PREPROCESSOR_DEFINITIONS = (
					"DEBUG=1",
					"$(inherited)",
				);
				GCC_WARN_64_TO_32_BIT_CONVERSION = YES;
				GCC_WARN_ABOUT_RETURN_TYPE = YES_ERROR;
				GCC_WARN_UNDECLARED_SELECTOR = YES;
				GCC_WARN_UNINITIALIZED_AUTOS = YES_AGGRESSIVE;
				GCC_WARN_UNUSED_FUNCTION = YES;
				GCC_WARN_UNUSED_VARIABLE = YES;
				IPHONEOS_DEPLOYMENT_TARGET = 10.2;
				MTL_ENABLE_DEBUG_INFO = YES;
				ONLY_ACTIVE_ARCH = YES;
				SDKROOT = iphoneos;
				SWIFT_ACTIVE_COMPILATION_CONDITIONS = DEBUG;
				SWIFT_OPTIMIZATION_LEVEL = "-Onone";
			};
			name = Debug;
		};
		F5C483E31E376A17009F8BC2 /* Release */ = {
			isa = XCBuildConfiguration;
			buildSettings = {
				ALWAYS_SEARCH_USER_PATHS = NO;
				CLANG_ANALYZER_NONNULL = YES;
				CLANG_CXX_LANGUAGE_STANDARD = "gnu++0x";
				CLANG_CXX_LIBRARY = "libc++";
				CLANG_ENABLE_MODULES = YES;
				CLANG_ENABLE_OBJC_ARC = YES;
				CLANG_WARN_BOOL_CONVERSION = YES;
				CLANG_WARN_CONSTANT_CONVERSION = YES;
				CLANG_WARN_DIRECT_OBJC_ISA_USAGE = YES_ERROR;
				CLANG_WARN_DOCUMENTATION_COMMENTS = YES;
				CLANG_WARN_EMPTY_BODY = YES;
				CLANG_WARN_ENUM_CONVERSION = YES;
				CLANG_WARN_INFINITE_RECURSION = YES;
				CLANG_WARN_INT_CONVERSION = YES;
				CLANG_WARN_OBJC_ROOT_CLASS = YES_ERROR;
				CLANG_WARN_SUSPICIOUS_MOVE = YES;
				CLANG_WARN_UNREACHABLE_CODE = YES;
				CLANG_WARN__DUPLICATE_METHOD_MATCH = YES;
				"CODE_SIGN_IDENTITY[sdk=iphoneos*]" = "iPhone Developer";
				COPY_PHASE_STRIP = NO;
				DEBUG_INFORMATION_FORMAT = "dwarf-with-dsym";
				ENABLE_NS_ASSERTIONS = NO;
				ENABLE_STRICT_OBJC_MSGSEND = YES;
				GCC_C_LANGUAGE_STANDARD = gnu99;
				GCC_NO_COMMON_BLOCKS = YES;
				GCC_WARN_64_TO_32_BIT_CONVERSION = YES;
				GCC_WARN_ABOUT_RETURN_TYPE = YES_ERROR;
				GCC_WARN_UNDECLARED_SELECTOR = YES;
				GCC_WARN_UNINITIALIZED_AUTOS = YES_AGGRESSIVE;
				GCC_WARN_UNUSED_FUNCTION = YES;
				GCC_WARN_UNUSED_VARIABLE = YES;
				IPHONEOS_DEPLOYMENT_TARGET = 10.2;
				MTL_ENABLE_DEBUG_INFO = NO;
				SDKROOT = iphoneos;
				SWIFT_OPTIMIZATION_LEVEL = "-Owholemodule";
				VALIDATE_PRODUCT = YES;
			};
			name = Release;
		};
		F5C483E51E376A17009F8BC2 /* Debug */ = {
			isa = XCBuildConfiguration;
			buildSettings = {
				ASSETCATALOG_COMPILER_APPICON_NAME = AppIcon;
				DEVELOPMENT_TEAM = P83DAHSG4B;
				INFOPLIST_FILE = Pokedex/Info.plist;
				LD_RUNPATH_SEARCH_PATHS = "$(inherited) @executable_path/Frameworks";
				PRODUCT_BUNDLE_IDENTIFIER = be.CeraMo69.Pokedex;
				PRODUCT_NAME = "$(TARGET_NAME)";
				SWIFT_VERSION = 3.0;
			};
			name = Debug;
		};
		F5C483E61E376A17009F8BC2 /* Release */ = {
			isa = XCBuildConfiguration;
			buildSettings = {
				ASSETCATALOG_COMPILER_APPICON_NAME = AppIcon;
				DEVELOPMENT_TEAM = P83DAHSG4B;
				INFOPLIST_FILE = Pokedex/Info.plist;
				LD_RUNPATH_SEARCH_PATHS = "$(inherited) @executable_path/Frameworks";
				PRODUCT_BUNDLE_IDENTIFIER = be.CeraMo69.Pokedex;
				PRODUCT_NAME = "$(TARGET_NAME)";
				SWIFT_VERSION = 3.0;
			};
			name = Release;
		};
/* End XCBuildConfiguration section */

/* Begin XCConfigurationList section */
		F5C483CD1E376A14009F8BC2 /* Build configuration list for PBXProject "Pokedex" */ = {
			isa = XCConfigurationList;
			buildConfigurations = (
				F5C483E21E376A17009F8BC2 /* Debug */,
				F5C483E31E376A17009F8BC2 /* Release */,
			);
			defaultConfigurationIsVisible = 0;
			defaultConfigurationName = Release;
		};
		F5C483E41E376A17009F8BC2 /* Build configuration list for PBXNativeTarget "Pokedex" */ = {
			isa = XCConfigurationList;
			buildConfigurations = (
				F5C483E51E376A17009F8BC2 /* Debug */,
				F5C483E61E376A17009F8BC2 /* Release */,
			);
			defaultConfigurationIsVisible = 0;
			defaultConfigurationName = Release;
		};
/* End XCConfigurationList section */
	};
	rootObject = F5C483CA1E376A14009F8BC2 /* Project object */;
}
